
Microsoft Visual Studio Solution File, Format Version 12.00
# Visual Studio Version 17
VisualStudioVersion = 17.7.34024.191
MinimumVisualStudioVersion = 10.0.40219.1
Project("{FAE04EC0-301F-11D3-BF4B-00C04F79EFBC}") = "PR3part2_Tsyguleva_Zokirova", "PR3part2_Tsyguleva_Zokirova\PR3part2_Tsyguleva_Zokirova.csproj", "{4280765A-7868-4D19-A124-671E34CDE4F5}"
EndProject
Global
	GlobalSection(SolutionConfigurationPlatforms) = preSolution
		Debug|Any CPU = Debug|Any CPU
		Release|Any CPU = Release|Any CPU
	EndGlobalSection
	GlobalSection(ProjectConfigurationPlatforms) = postSolution
		{4280765A-7868-4D19-A124-671E34CDE4F5}.Debug|Any CPU.ActiveCfg = Debug|Any CPU
		{4280765A-7868-4D19-A124-671E34CDE4F5}.Debug|Any CPU.Build.0 = Debug|Any CPU
		{4280765A-7868-4D19-A124-671E34CDE4F5}.Release|Any CPU.ActiveCfg = Release|Any CPU
		{4280765A-7868-4D19-A124-671E34CDE4F5}.Release|Any CPU.Build.0 = Release|Any CPU
	EndGlobalSection
	GlobalSection(SolutionProperties) = preSolution
		HideSolutionNode = FALSE
	EndGlobalSection
	GlobalSection(ExtensibilityGlobals) = postSolution
		SolutionGuid = {835891DC-EAC1-447B-B7FF-5D1E95108955}
	EndGlobalSection
EndGlobal
